
Microsoft Visual Studio Solution File, Format Version 12.00
# Visual Studio 2013
VisualStudioVersion = 12.0.31101.0
MinimumVisualStudioVersion = 10.0.40219.1
Project("{FAE04EC0-301F-11D3-BF4B-00C04F79EFBC}") = "VirtualDesign", "VirtualDesign\VirtualDesign.csproj", "{C0EF5260-935D-4EA3-B96C-0C31A4FFEDE3}"
EndProject
Project("{FAE04EC0-301F-11D3-BF4B-00C04F79EFBC}") = "VirtualDesign.Tests", "VirtualDesign.Tests\VirtualDesign.Tests.csproj", "{29929DE6-C14D-40A8-8FFC-F2BE9BD0ED70}"
EndProject
Project("{CC5FD16D-436D-48AD-A40C-5A424C6E3E79}") = "AzureCloudService", "AzureCloudService\AzureCloudService.ccproj", "{2A57208F-4C62-4337-8D4A-4FF125D815F0}"
EndProject
Global
	GlobalSection(TeamFoundationVersionControl) = preSolution
		SccNumberOfProjects = 1
		SccEnterpriseProvider = {4CA58AB2-18FA-4F8D-95D4-32DDF27D184C}
		SccTeamFoundationServer = https://sergioperalta.visualstudio.com/defaultcollection
		SccProjectUniqueName0 = VirtualDesign\\VirtualDesign.csproj
		SccProjectName0 = VirtualDesign
		SccAuxPath0 = https://sergioperalta.visualstudio.com/defaultcollection
		SccLocalPath0 = VirtualDesign
		SccProvider0 = {4CA58AB2-18FA-4F8D-95D4-32DDF27D184C}
	EndGlobalSection
	GlobalSection(SolutionConfigurationPlatforms) = preSolution
		Debug|Any CPU = Debug|Any CPU
		Release|Any CPU = Release|Any CPU
	EndGlobalSection
	GlobalSection(ProjectConfigurationPlatforms) = postSolution
		{C0EF5260-935D-4EA3-B96C-0C31A4FFEDE3}.Debug|Any CPU.ActiveCfg = Debug|Any CPU
		{C0EF5260-935D-4EA3-B96C-0C31A4FFEDE3}.Debug|Any CPU.Build.0 = Debug|Any CPU
		{C0EF5260-935D-4EA3-B96C-0C31A4FFEDE3}.Release|Any CPU.ActiveCfg = Release|Any CPU
		{C0EF5260-935D-4EA3-B96C-0C31A4FFEDE3}.Release|Any CPU.Build.0 = Release|Any CPU
		{29929DE6-C14D-40A8-8FFC-F2BE9BD0ED70}.Debug|Any CPU.ActiveCfg = Debug|Any CPU
		{29929DE6-C14D-40A8-8FFC-F2BE9BD0ED70}.Debug|Any CPU.Build.0 = Debug|Any CPU
		{29929DE6-C14D-40A8-8FFC-F2BE9BD0ED70}.Release|Any CPU.ActiveCfg = Release|Any CPU
		{29929DE6-C14D-40A8-8FFC-F2BE9BD0ED70}.Release|Any CPU.Build.0 = Release|Any CPU
		{2A57208F-4C62-4337-8D4A-4FF125D815F0}.Debug|Any CPU.ActiveCfg = Debug|Any CPU
		{2A57208F-4C62-4337-8D4A-4FF125D815F0}.Debug|Any CPU.Build.0 = Debug|Any CPU
		{2A57208F-4C62-4337-8D4A-4FF125D815F0}.Release|Any CPU.ActiveCfg = Release|Any CPU
		{2A57208F-4C62-4337-8D4A-4FF125D815F0}.Release|Any CPU.Build.0 = Release|Any CPU
	EndGlobalSection
	GlobalSection(SolutionProperties) = preSolution
		HideSolutionNode = FALSE
	EndGlobalSection
EndGlobal
